
Microsoft Visual Studio Solution File, Format Version 12.00
# Visual Studio 14
VisualStudioVersion = 14.0.25123.0
MinimumVisualStudioVersion = 10.0.40219.1
Project("{8BC9CEB8-8B4A-11D0-8D11-00A0C91BC942}") = "fvmonitor", "fvmonitor\fvmonitor.vcxproj", "{9696B190-8A31-45BA-A43E-0287102EF438}"
EndProject
Project("{8BC9CEB8-8B4A-11D0-8D11-00A0C91BC942}") = "fvconsole", "fvconsole\fvconsole.vcxproj", "{89010DC1-E89E-4F96-903E-D4EBEBFC7B7E}"
EndProject
Project("{8BC9CEB8-8B4A-11D0-8D11-00A0C91BC942}") = "fv", "fv\fv.vcxproj", "{A6DA0937-D593-417A-8062-1331F8B2EEE5}"
EndProject
Project("{8BC9CEB8-8B4A-11D0-8D11-00A0C91BC942}") = "fvcases", "fvcases\fvcases.vcxproj", "{C84DBB03-1193-43AA-8A3D-C9367DB5446F}"
EndProject
Global
	GlobalSection(SolutionConfigurationPlatforms) = preSolution
		Debug|x64 = Debug|x64
		Debug|x86 = Debug|x86
		Release|x64 = Release|x64
		Release|x86 = Release|x86
	EndGlobalSection
	GlobalSection(ProjectConfigurationPlatforms) = postSolution
		{9696B190-8A31-45BA-A43E-0287102EF438}.Debug|x64.ActiveCfg = Debug|x64
		{9696B190-8A31-45BA-A43E-0287102EF438}.Debug|x64.Build.0 = Debug|x64
		{9696B190-8A31-45BA-A43E-0287102EF438}.Debug|x86.ActiveCfg = Debug|Win32
		{9696B190-8A31-45BA-A43E-0287102EF438}.Debug|x86.Build.0 = Debug|Win32
		{9696B190-8A31-45BA-A43E-0287102EF438}.Release|x64.ActiveCfg = Release|x64
		{9696B190-8A31-45BA-A43E-0287102EF438}.Release|x64.Build.0 = Release|x64
		{9696B190-8A31-45BA-A43E-0287102EF438}.Release|x86.ActiveCfg = Release|Win32
		{9696B190-8A31-45BA-A43E-0287102EF438}.Release|x86.Build.0 = Release|Win32
		{89010DC1-E89E-4F96-903E-D4EBEBFC7B7E}.Debug|x64.ActiveCfg = Debug|x64
		{89010DC1-E89E-4F96-903E-D4EBEBFC7B7E}.Debug|x64.Build.0 = Debug|x64
		{89010DC1-E89E-4F96-903E-D4EBEBFC7B7E}.Debug|x86.ActiveCfg = Debug|Win32
		{89010DC1-E89E-4F96-903E-D4EBEBFC7B7E}.Debug|x86.Build.0 = Debug|Win32
		{89010DC1-E89E-4F96-903E-D4EBEBFC7B7E}.Release|x64.ActiveCfg = Release|x64
		{89010DC1-E89E-4F96-903E-D4EBEBFC7B7E}.Release|x64.Build.0 = Release|x64
		{89010DC1-E89E-4F96-903E-D4EBEBFC7B7E}.Release|x86.ActiveCfg = Release|Win32
		{89010DC1-E89E-4F96-903E-D4EBEBFC7B7E}.Release|x86.Build.0 = Release|Win32
		{A6DA0937-D593-417A-8062-1331F8B2EEE5}.Debug|x64.ActiveCfg = Debug|x64
		{A6DA0937-D593-417A-8062-1331F8B2EEE5}.Debug|x64.Build.0 = Debug|x64
		{A6DA0937-D593-417A-8062-1331F8B2EEE5}.Debug|x86.ActiveCfg = Debug|Win32
		{A6DA0937-D593-417A-8062-1331F8B2EEE5}.Debug|x86.Build.0 = Debug|Win32
		{A6DA0937-D593-417A-8062-1331F8B2EEE5}.Release|x64.ActiveCfg = Release|x64
		{A6DA0937-D593-417A-8062-1331F8B2EEE5}.Release|x64.Build.0 = Release|x64
		{A6DA0937-D593-417A-8062-1331F8B2EEE5}.Release|x86.ActiveCfg = Release|Win32
		{A6DA0937-D593-417A-8062-1331F8B2EEE5}.Release|x86.Build.0 = Release|Win32
		{C84DBB03-1193-43AA-8A3D-C9367DB5446F}.Debug|x64.ActiveCfg = Debug|x64
		{C84DBB03-1193-43AA-8A3D-C9367DB5446F}.Debug|x64.Build.0 = Debug|x64
		{C84DBB03-1193-43AA-8A3D-C9367DB5446F}.Debug|x86.ActiveCfg = Debug|Win32
		{C84DBB03-1193-43AA-8A3D-C9367DB5446F}.Debug|x86.Build.0 = Debug|Win32
		{C84DBB03-1193-43AA-8A3D-C9367DB5446F}.Release|x64.ActiveCfg = Release|x64
		{C84DBB03-1193-43AA-8A3D-C9367DB5446F}.Release|x64.Build.0 = Release|x64
		{C84DBB03-1193-43AA-8A3D-C9367DB5446F}.Release|x86.ActiveCfg = Release|Win32
		{C84DBB03-1193-43AA-8A3D-C9367DB5446F}.Release|x86.Build.0 = Release|Win32
	EndGlobalSection
	GlobalSection(SolutionProperties) = preSolution
		HideSolutionNode = FALSE
	EndGlobalSection
EndGlobal
